
Microsoft Visual Studio Solution File, Format Version 12.00
# Visual Studio Version 17
VisualStudioVersion = 17.3.32929.385
MinimumVisualStudioVersion = 10.0.40219.1
Project("{FAE04EC0-301F-11D3-BF4B-00C04F79EFBC}") = "Deneme", "Deneme\Deneme.csproj", "{72C2FF8F-9619-4FEF-B00C-15CD7E56E787}"
EndProject
Project("{54435603-DBB4-11D2-8724-00A0C9A8B90C}") = "MarketStorageManagementSystemSetup", "MarketStorageManagementSystemSetup\MarketStorageManagementSystemSetup.vdproj", "{59C65066-C6C2-49C1-99AF-B5F0B1708B2E}"
EndProject
Project("{54435603-DBB4-11D2-8724-00A0C9A8B90C}") = "MarketStorageManagementSystem_setup", "..\MarketStorageManagementSystem_setup\MarketStorageManagementSystem_setup.vdproj", "{39C61703-9889-49F2-A322-29C911F74B8B}"
EndProject
Global
	GlobalSection(SolutionConfigurationPlatforms) = preSolution
		Debug|Any CPU = Debug|Any CPU
		Release|Any CPU = Release|Any CPU
	EndGlobalSection
	GlobalSection(ProjectConfigurationPlatforms) = postSolution
		{72C2FF8F-9619-4FEF-B00C-15CD7E56E787}.Debug|Any CPU.ActiveCfg = Debug|Any CPU
		{72C2FF8F-9619-4FEF-B00C-15CD7E56E787}.Debug|Any CPU.Build.0 = Debug|Any CPU
		{72C2FF8F-9619-4FEF-B00C-15CD7E56E787}.Release|Any CPU.ActiveCfg = Release|Any CPU
		{72C2FF8F-9619-4FEF-B00C-15CD7E56E787}.Release|Any CPU.Build.0 = Release|Any CPU
		{59C65066-C6C2-49C1-99AF-B5F0B1708B2E}.Debug|Any CPU.ActiveCfg = Debug
		{59C65066-C6C2-49C1-99AF-B5F0B1708B2E}.Release|Any CPU.ActiveCfg = Release
		{39C61703-9889-49F2-A322-29C911F74B8B}.Debug|Any CPU.ActiveCfg = Debug
		{39C61703-9889-49F2-A322-29C911F74B8B}.Release|Any CPU.ActiveCfg = Release
	EndGlobalSection
	GlobalSection(SolutionProperties) = preSolution
		HideSolutionNode = FALSE
	EndGlobalSection
	GlobalSection(ExtensibilityGlobals) = postSolution
		SolutionGuid = {52AB2636-285B-413F-803C-BDC8AF1C4EC1}
	EndGlobalSection
EndGlobal
